Microsoft Visual Studio Solution File, Format Version 12.00
# Visual Studio Version 17
VisualStudioVersion = 17.0.31903.59
MinimumVisualStudioVersion = 10.0.40219.1
Project("{FAE04EC0-301F-11D3-BF4B-00C04F79EFBC}") = "ConsoleApp1", "ChessGames\ConsoleApp1\ConsoleApp1.csproj", "{C865E445-D13D-4616-9FE7-7D4DA083A50A}"
EndProject
Project("{FAE04EC0-301F-11D3-BF4B-00C04F79EFBC}") = "UI", "ChessGames\UI\UI.csproj", "{2D33541A-E8BA-43DD-966E-EE0E1B056DDA}"
EndProject
Global
    GlobalSection(SolutionConfigurationPlatforms) = preSolution
        Debug|Any CPU = Debug|Any CPU
        Release|Any CPU = Release|Any CPU
    EndGlobalSection
    GlobalSection(ProjectConfigurationPlatforms) = postSolution
        {C865E445-D13D-4616-9FE7-7D4DA083A50A}.Debug|Any CPU.ActiveCfg = Debug|Any CPU
        {C865E445-D13D-4616-9FE7-7D4DA083A50A}.Debug|Any CPU.Build.0 = Debug|Any CPU
        {C865E445-D13D-4616-9FE7-7D4DA083A50A}.Release|Any CPU.ActiveCfg = Release|Any CPU
        {C865E445-D13D-4616-9FE7-7D4DA083A50A}.Release|Any CPU.Build.0 = Release|Any CPU
        {2D33541A-E8BA-43DD-966E-EE0E1B056DDA}.Debug|Any CPU.ActiveCfg = Debug|Any CPU
        {2D33541A-E8BA-43DD-966E-EE0E1B056DDA}.Debug|Any CPU.Build.0 = Debug|Any CPU
        {2D33541A-E8BA-43DD-966E-EE0E1B056DDA}.Release|Any CPU.ActiveCfg = Release|Any CPU
        {2D33541A-E8BA-43DD-966E-EE0E1B056DDA}.Release|Any CPU.Build.0 = Release|Any CPU
    EndGlobalSection
EndGlobal